
Microsoft Visual Studio Solution File, Format Version 12.00
# Visual Studio Version 17
VisualStudioVersion = 17.1.32421.90
MinimumVisualStudioVersion = 10.0.40219.1
Project("{FAE04EC0-301F-11D3-BF4B-00C04F79EFBC}") = "HigherOrLowerAPI", "HigherOrLowerAPI\HigherOrLowerAPI.csproj", "{275F1B1E-7AD9-4E1B-9F2A-21C3455DE310}"
EndProject
Project("{FAE04EC0-301F-11D3-BF4B-00C04F79EFBC}") = "HigherOrLowerData", "HigherOrLowerBusiness\HigherOrLowerData.csproj", "{2A676DE0-8B14-4CDA-BE1D-E856B3D7E2CF}"
EndProject
Global
	GlobalSection(SolutionConfigurationPlatforms) = preSolution
		Debug|Any CPU = Debug|Any CPU
		Release|Any CPU = Release|Any CPU
	EndGlobalSection
	GlobalSection(ProjectConfigurationPlatforms) = postSolution
		{275F1B1E-7AD9-4E1B-9F2A-21C3455DE310}.Debug|Any CPU.ActiveCfg = Debug|Any CPU
		{275F1B1E-7AD9-4E1B-9F2A-21C3455DE310}.Debug|Any CPU.Build.0 = Debug|Any CPU
		{275F1B1E-7AD9-4E1B-9F2A-21C3455DE310}.Release|Any CPU.ActiveCfg = Release|Any CPU
		{275F1B1E-7AD9-4E1B-9F2A-21C3455DE310}.Release|Any CPU.Build.0 = Release|Any CPU
		{2A676DE0-8B14-4CDA-BE1D-E856B3D7E2CF}.Debug|Any CPU.ActiveCfg = Debug|Any CPU
		{2A676DE0-8B14-4CDA-BE1D-E856B3D7E2CF}.Debug|Any CPU.Build.0 = Debug|Any CPU
		{2A676DE0-8B14-4CDA-BE1D-E856B3D7E2CF}.Release|Any CPU.ActiveCfg = Release|Any CPU
		{2A676DE0-8B14-4CDA-BE1D-E856B3D7E2CF}.Release|Any CPU.Build.0 = Release|Any CPU
	EndGlobalSection
	GlobalSection(SolutionProperties) = preSolution
		HideSolutionNode = FALSE
	EndGlobalSection
	GlobalSection(ExtensibilityGlobals) = postSolution
		SolutionGuid = {8FA41B53-9105-4906-82CA-22FBD72A7606}
	EndGlobalSection
EndGlobal
